
Microsoft Visual Studio Solution File, Format Version 12.00
# Visual Studio 15
VisualStudioVersion = 15.0.28307.271
MinimumVisualStudioVersion = 10.0.40219.1
Project("{FAE04EC0-301F-11D3-BF4B-00C04F79EFBC}") = "gitdemo", "gitdemo\gitdemo.csproj", "{9C74FEC6-1B34-4772-995A-CB7D9506EB98}"
EndProject
Global
	GlobalSection(SolutionConfigurationPlatforms) = preSolution
		Debug|Any CPU = Debug|Any CPU
		Release|Any CPU = Release|Any CPU
	EndGlobalSection
	GlobalSection(ProjectConfigurationPlatforms) = postSolution
		{9C74FEC6-1B34-4772-995A-CB7D9506EB98}.Debug|Any CPU.ActiveCfg = Debug|Any CPU
		{9C74FEC6-1B34-4772-995A-CB7D9506EB98}.Debug|Any CPU.Build.0 = Debug|Any CPU
		{9C74FEC6-1B34-4772-995A-CB7D9506EB98}.Release|Any CPU.ActiveCfg = Release|Any CPU
		{9C74FEC6-1B34-4772-995A-CB7D9506EB98}.Release|Any CPU.Build.0 = Release|Any CPU
	EndGlobalSection
	GlobalSection(SolutionProperties) = preSolution
		HideSolutionNode = FALSE
	EndGlobalSection
	GlobalSection(ExtensibilityGlobals) = postSolution
		SolutionGuid = {CAF07F4D-160B-49F0-8D53-93FC900D3F01}
	EndGlobalSection
EndGlobal
